
Microsoft Visual Studio Solution File, Format Version 12.00
# Visual Studio 15
VisualStudioVersion = 15.0.28010.2036
MinimumVisualStudioVersion = 10.0.40219.1
Project("{8BC9CEB8-8B4A-11D0-8D11-00A0C91BC942}") = "Project2", "Project2\Project2.vcxproj", "{FE731D36-ED72-402B-95CD-287554A36DEA}"
EndProject
Global
	GlobalSection(SolutionConfigurationPlatforms) = preSolution
		Debug|x64 = Debug|x64
		Debug|x86 = Debug|x86
		Release|x64 = Release|x64
		Release|x86 = Release|x86
	EndGlobalSection
	GlobalSection(ProjectConfigurationPlatforms) = postSolution
		{FE731D36-ED72-402B-95CD-287554A36DEA}.Debug|x64.ActiveCfg = Debug|x64
		{FE731D36-ED72-402B-95CD-287554A36DEA}.Debug|x64.Build.0 = Debug|x64
		{FE731D36-ED72-402B-95CD-287554A36DEA}.Debug|x86.ActiveCfg = Debug|Win32
		{FE731D36-ED72-402B-95CD-287554A36DEA}.Debug|x86.Build.0 = Debug|Win32
		{FE731D36-ED72-402B-95CD-287554A36DEA}.Release|x64.ActiveCfg = Release|x64
		{FE731D36-ED72-402B-95CD-287554A36DEA}.Release|x64.Build.0 = Release|x64
		{FE731D36-ED72-402B-95CD-287554A36DEA}.Release|x86.ActiveCfg = Release|Win32
		{FE731D36-ED72-402B-95CD-287554A36DEA}.Release|x86.Build.0 = Release|Win32
	EndGlobalSection
	GlobalSection(SolutionProperties) = preSolution
		HideSolutionNode = FALSE
	EndGlobalSection
	GlobalSection(ExtensibilityGlobals) = postSolution
		SolutionGuid = {0F251DF0-B5FE-4C08-AF47-C12638C563B5}
	EndGlobalSection
EndGlobal
